{
  "version": "2",
  "remote": {
    "https://deno.land/std@0.183.0/_util/asserts.ts": "178dfc49a464aee693a7e285567b3d0b555dc805ff490505a8aae34f9cfb1462",
    "https://deno.land/std@0.183.0/flags/mod.ts": "4d829c5bd1d657799cdeb487c6e418960efc6f4d8ce6cadc38a54b9ce266160a",
    "https://deno.land/x/denoflate@1.2.1/mod.ts": "f5628e44b80b3d80ed525afa2ba0f12408e3849db817d47a883b801f9ce69dd6",
    "https://deno.land/x/denoflate@1.2.1/pkg/denoflate.js": "b9f9ad9457d3f12f28b1fb35c555f57443427f74decb403113d67364e4f2caf4",
    "https://deno.land/x/denoflate@1.2.1/pkg/denoflate_bg.wasm.js": "d581956245407a2115a3d7e8d85a9641c032940a8e810acbd59ca86afd34d44d",
    "https://deno.land/x/esbuild@v0.14.49/mod.d.ts": "d811d16e1ea1330b06f122f6821a949417ec48fcddd29b58a64d0af81e55aa87",
    "https://deno.land/x/esbuild@v0.14.49/mod.js": "27c3ffcb403658347194aceeff1628a6636448abc95b9a4a050984c10df2b87b",
    "https://deno.land/x/esbuild@v0.17.18/mod.d.ts": "dc279a3a46f084484453e617c0cabcd5b8bd1920c0e562e4ea02dfc828c8f968",
    "https://deno.land/x/esbuild@v0.17.18/mod.js": "84b5044def8a2e94770b79d295a1dd74f5ee453514c5b4f33571e22e1c882898"
  }
}
